// !$*UTF8*$!
{
	archiveVersion = 1;
	classes = {
	};
	objectVersion = 46;
	objects = {

/* Begin PBXBuildFile section */
		50D35EED1B7F95333962E209 /* libPods-UrbnCodeSample.a in Frameworks */ = {isa = PBXBuildFile; fileRef = EDF67DF2551F38099AE7ED91 /* libPods-UrbnCodeSample.a */; };
		6A3A412E1ADC2C5500388198 /* FourSquare.m in Sources */ = {isa = PBXBuildFile; fileRef = 6A3A412D1ADC2C5500388198 /* FourSquare.m */; };
		6A3A413A1ADC509700388198 /* CoreDataStack.m in Sources */ = {isa = PBXBuildFile; fileRef = 6A3A41391ADC509700388198 /* CoreDataStack.m */; };
		6A3A413C1ADC555600388198 /* CoreLocation.framework in Frameworks */ = {isa = PBXBuildFile; fileRef = 6A3A413B1ADC555600388198 /* CoreLocation.framework */; };
		6A5277CF1ADF4D5300382B44 /* UCSContact.m in Sources */ = {isa = PBXBuildFile; fileRef = 6A5277CE1ADF4D5300382B44 /* UCSContact.m */; };
		6A5277D21ADF4D5400382B44 /* UCSLocation.m in Sources */ = {isa = PBXBuildFile; fileRef = 6A5277D11ADF4D5400382B44 /* UCSLocation.m */; };
		6A5277D51ADF4D5400382B44 /* UCSIcon.m in Sources */ = {isa = PBXBuildFile; fileRef = 6A5277D41ADF4D5400382B44 /* UCSIcon.m */; };
		6A5277D81ADF4D5400382B44 /* UCSStats.m in Sources */ = {isa = PBXBuildFile; fileRef = 6A5277D71ADF4D5400382B44 /* UCSStats.m */; };
		6A5277DB1ADF4D5400382B44 /* UCSCategory.m in Sources */ = {isa = PBXBuildFile; fileRef = 6A5277DA1ADF4D5400382B44 /* UCSCategory.m */; };
		6A759FFE1ADC226D0065E91A /* main.m in Sources */ = {isa = PBXBuildFile; fileRef = 6A759FFD1ADC226D0065E91A /* main.m */; };
		6A75A0011ADC226D0065E91A /* AppDelegate.m in Sources */ = {isa = PBXBuildFile; fileRef = 6A75A0001ADC226D0065E91A /* AppDelegate.m */; };
		6A75A0041ADC226D0065E91A /* UrbnCodeSample.xcdatamodeld in Sources */ = {isa = PBXBuildFile; fileRef = 6A75A0021ADC226D0065E91A /* UrbnCodeSample.xcdatamodeld */; };
		6A75A0071ADC226D0065E91A /* ViewController.m in Sources */ = {isa = PBXBuildFile; fileRef = 6A75A0061ADC226D0065E91A /* ViewController.m */; };
		6A75A00A1ADC226D0065E91A /* Main.storyboard in Resources */ = {isa = PBXBuildFile; fileRef = 6A75A0081ADC226D0065E91A /* Main.storyboard */; };
		6A75A00C1ADC226D0065E91A /* Images.xcassets in Resources */ = {isa = PBXBuildFile; fileRef = 6A75A00B1ADC226D0065E91A /* Images.xcassets */; };
		6A75A00F1ADC226D0065E91A /* LaunchScreen.xib in Resources */ = {isa = PBXBuildFile; fileRef = 6A75A00D1ADC226D0065E91A /* LaunchScreen.xib */; };
		6A75A01B1ADC226D0065E91A /* UrbnCodeSampleTests.m in Sources */ = {isa = PBXBuildFile; fileRef = 6A75A01A1ADC226D0065E91A /* UrbnCodeSampleTests.m */; };
		6AA186241AE06D8700EBB7ED /* placeholder.png in Resources */ = {isa = PBXBuildFile; fileRef = 6AA186221AE06D8700EBB7ED /* placeholder.png */; };
		6AA186251AE06D8700EBB7ED /* placeholder@2x.png in Resources */ = {isa = PBXBuildFile; fileRef = 6AA186231AE06D8700EBB7ED /* placeholder@2x.png */; };
		6AA186281AE074D300EBB7ED /* UCSPhoto.m in Sources */ = {isa = PBXBuildFile; fileRef = 6AA186271AE074D300EBB7ED /* UCSPhoto.m */; };
		6AA1862B1AE074D400EBB7ED /* UCSPhotos.m in Sources */ = {isa = PBXBuildFile; fileRef = 6AA1862A1AE074D400EBB7ED /* UCSPhotos.m */; };
		6AA1862E1AE074D400EBB7ED /* UCSVenue.m in Sources */ = {isa = PBXBuildFile; fileRef = 6AA1862D1AE074D400EBB7ED /* UCSVenue.m */; };
		6AE9BA4D1ADC693F00347F39 /* AFAppFourSquareClient.m in Sources */ = {isa = PBXBuildFile; fileRef = 6AE9BA4C1ADC693F00347F39 /* AFAppFourSquareClient.m */; };
		6AE9BA581ADD5A8B00347F39 /* VenueTableViewController.m in Sources */ = {isa = PBXBuildFile; fileRef = 6AE9BA571ADD5A8B00347F39 /* VenueTableViewController.m */; };
/* End PBXBuildFile section */

/* Begin PBXContainerItemProxy section */
		6A75A0151ADC226D0065E91A /* PBXContainerItemProxy */ = {
			isa = PBXContainerItemProxy;
			containerPortal = 6A759FF01ADC226D0065E91A /* Project object */;
			proxyType = 1;
			remoteGlobalIDString = 6A759FF71ADC226D0065E91A;
			remoteInfo = UrbnCodeSample;
		};
/* End PBXContainerItemProxy section */

/* Begin PBXFileReference section */
		0D3A53EB8BEF37D74378C735 /* Pods-UrbnCodeSample.debug.xcconfig */ = {isa = PBXFileReference; includeInIndex = 1; lastKnownFileType = text.xcconfig; name = "Pods-UrbnCodeSample.debug.xcconfig"; path = "Pods/Target Support Files/Pods-UrbnCodeSample/Pods-UrbnCodeSample.debug.xcconfig"; sourceTree = "<group>"; };
		6A3A412C1ADC2C5500388198 /* FourSquare.h */ = {isa = PBXFileReference; fileEncoding = 4; lastKnownFileType = sourcecode.c.h; path = FourSquare.h; sourceTree = "<group>"; };
		6A3A412D1ADC2C5500388198 /* FourSquare.m */ = {isa = PBXFileReference; fileEncoding = 4; lastKnownFileType = sourcecode.c.objc; path = FourSquare.m; sourceTree = "<group>"; };
		6A3A41381ADC509700388198 /* CoreDataStack.h */ = {isa = PBXFileReference; fileEncoding = 4; lastKnownFileType = sourcecode.c.h; path = CoreDataStack.h; sourceTree = "<group>"; };
		6A3A41391ADC509700388198 /* CoreDataStack.m */ = {isa = PBXFileReference; fileEncoding = 4; lastKnownFileType = sourcecode.c.objc; path = CoreDataStack.m; sourceTree = "<group>"; };
		6A3A413B1ADC555600388198 /* CoreLocation.framework */ = {isa = PBXFileReference; lastKnownFileType = wrapper.framework; name = CoreLocation.framework; path = System/Library/Frameworks/CoreLocation.framework; sourceTree = SDKROOT; };
		6A5277CD1ADF4D5300382B44 /* UCSContact.h */ = {isa = PBXFileReference; fileEncoding = 4; lastKnownFileType = sourcecode.c.h; path = UCSContact.h; sourceTree = "<group>"; };
		6A5277CE1ADF4D5300382B44 /* UCSContact.m */ = {isa = PBXFileReference; fileEncoding = 4; lastKnownFileType = sourcecode.c.objc; path = UCSContact.m; sourceTree = "<group>"; };
		6A5277D01ADF4D5400382B44 /* UCSLocation.h */ = {isa = PBXFileReference; fileEncoding = 4; lastKnownFileType = sourcecode.c.h; path = UCSLocation.h; sourceTree = "<group>"; };
		6A5277D11ADF4D5400382B44 /* UCSLocation.m */ = {isa = PBXFileReference; fileEncoding = 4; lastKnownFileType = sourcecode.c.objc; path = UCSLocation.m; sourceTree = "<group>"; };
		6A5277D31ADF4D5400382B44 /* UCSIcon.h */ = {isa = PBXFileReference; fileEncoding = 4; lastKnownFileType = sourcecode.c.h; path = UCSIcon.h; sourceTree = "<group>"; };
		6A5277D41ADF4D5400382B44 /* UCSIcon.m */ = {isa = PBXFileReference; fileEncoding = 4; lastKnownFileType = sourcecode.c.objc; path = UCSIcon.m; sourceTree = "<group>"; };
		6A5277D61ADF4D5400382B44 /* UCSStats.h */ = {isa = PBXFileReference; fileEncoding = 4; lastKnownFileType = sourcecode.c.h; path = UCSStats.h; sourceTree = "<group>"; };
		6A5277D71ADF4D5400382B44 /* UCSStats.m */ = {isa = PBXFileReference; fileEncoding = 4; lastKnownFileType = sourcecode.c.objc; path = UCSStats.m; sourceTree = "<group>"; };
		6A5277D91ADF4D5400382B44 /* UCSCategory.h */ = {isa = PBXFileReference; fileEncoding = 4; lastKnownFileType = sourcecode.c.h; path = UCSCategory.h; sourceTree = "<group>"; };
		6A5277DA1ADF4D5400382B44 /* UCSCategory.m */ = {isa = PBXFileReference; fileEncoding = 4; lastKnownFileType = sourcecode.c.objc; path = UCSCategory.m; sourceTree = "<group>"; };
		6A759FF81ADC226D0065E91A /* UrbnCodeSample.app */ = {isa = PBXFileReference; explicitFileType = wrapper.application; includeInIndex = 0; path = UrbnCodeSample.app; sourceTree = BUILT_PRODUCTS_DIR; };
		6A759FFC1ADC226D0065E91A /* Info.plist */ = {isa = PBXFileReference; lastKnownFileType = text.plist.xml; path = Info.plist; sourceTree = "<group>"; };
		6A759FFD1ADC226D0065E91A /* main.m */ = {isa = PBXFileReference; lastKnownFileType = sourcecode.c.objc; path = main.m; sourceTree = "<group>"; };
		6A759FFF1ADC226D0065E91A /* AppDelegate.h */ = {isa = PBXFileReference; lastKnownFileType = sourcecode.c.h; path = AppDelegate.h; sourceTree = "<group>"; };
		6A75A0001ADC226D0065E91A /* AppDelegate.m */ = {isa = PBXFileReference; lastKnownFileType = sourcecode.c.objc; path = AppDelegate.m; sourceTree = "<group>"; };
		6A75A0031ADC226D0065E91A /* UrbnCodeSample.xcdatamodel */ = {isa = PBXFileReference; lastKnownFileType = wrapper.xcdatamodel; path = UrbnCodeSample.xcdatamodel; sourceTree = "<group>"; };
		6A75A0051ADC226D0065E91A /* ViewController.h */ = {isa = PBXFileReference; lastKnownFileType = sourcecode.c.h; path = ViewController.h; sourceTree = "<group>"; };
		6A75A0061ADC226D0065E91A /* ViewController.m */ = {isa = PBXFileReference; lastKnownFileType = sourcecode.c.objc; path = ViewController.m; sourceTree = "<group>"; };
		6A75A0091ADC226D0065E91A /* Base */ = {isa = PBXFileReference; lastKnownFileType = file.storyboard; name = Base; path = Base.lproj/Main.storyboard; sourceTree = "<group>"; };
		6A75A00B1ADC226D0065E91A /* Images.xcassets */ = {isa = PBXFileReference; lastKnownFileType = folder.assetcatalog; path = Images.xcassets; sourceTree = "<group>"; };
		6A75A00E1ADC226D0065E91A /* Base */ = {isa = PBXFileReference; lastKnownFileType = file.xib; name = Base; path = Base.lproj/LaunchScreen.xib; sourceTree = "<group>"; };
		6A75A0141ADC226D0065E91A /* UrbnCodeSampleTests.xctest */ = {isa = PBXFileReference; explicitFileType = wrapper.cfbundle; includeInIndex = 0; path = UrbnCodeSampleTests.xctest; sourceTree = BUILT_PRODUCTS_DIR; };
		6A75A0191ADC226D0065E91A /* Info.plist */ = {isa = PBXFileReference; lastKnownFileType = text.plist.xml; path = Info.plist; sourceTree = "<group>"; };
		6A75A01A1ADC226D0065E91A /* UrbnCodeSampleTests.m */ = {isa = PBXFileReference; lastKnownFileType = sourcecode.c.objc; path = UrbnCodeSampleTests.m; sourceTree = "<group>"; };
		6AA186221AE06D8700EBB7ED /* placeholder.png */ = {isa = PBXFileReference; lastKnownFileType = image.png; path = placeholder.png; sourceTree = "<group>"; };
		6AA186231AE06D8700EBB7ED /* placeholder@2x.png */ = {isa = PBXFileReference; lastKnownFileType = image.png; path = "placeholder@2x.png"; sourceTree = "<group>"; };
		6AA186261AE074D300EBB7ED /* UCSPhoto.h */ = {isa = PBXFileReference; fileEncoding = 4; lastKnownFileType = sourcecode.c.h; path = UCSPhoto.h; sourceTree = "<group>"; };
		6AA186271AE074D300EBB7ED /* UCSPhoto.m */ = {isa = PBXFileReference; fileEncoding = 4; lastKnownFileType = sourcecode.c.objc; path = UCSPhoto.m; sourceTree = "<group>"; };
		6AA186291AE074D400EBB7ED /* UCSPhotos.h */ = {isa = PBXFileReference; fileEncoding = 4; lastKnownFileType = sourcecode.c.h; path = UCSPhotos.h; sourceTree = "<group>"; };
		6AA1862A1AE074D400EBB7ED /* UCSPhotos.m */ = {isa = PBXFileReference; fileEncoding = 4; lastKnownFileType = sourcecode.c.objc; path = UCSPhotos.m; sourceTree = "<group>"; };
		6AA1862C1AE074D400EBB7ED /* UCSVenue.h */ = {isa = PBXFileReference; fileEncoding = 4; lastKnownFileType = sourcecode.c.h; path = UCSVenue.h; sourceTree = "<group>"; };
		6AA1862D1AE074D400EBB7ED /* UCSVenue.m */ = {isa = PBXFileReference; fileEncoding = 4; lastKnownFileType = sourcecode.c.objc; path = UCSVenue.m; sourceTree = "<group>"; };
		6AE9BA4B1ADC693F00347F39 /* AFAppFourSquareClient.h */ = {isa = PBXFileReference; fileEncoding = 4; lastKnownFileType = sourcecode.c.h; path = AFAppFourSquareClient.h; sourceTree = "<group>"; };
		6AE9BA4C1ADC693F00347F39 /* AFAppFourSquareClient.m */ = {isa = PBXFileReference; fileEncoding = 4; lastKnownFileType = sourcecode.c.objc; path = AFAppFourSquareClient.m; sourceTree = "<group>"; };
		6AE9BA561ADD5A8B00347F39 /* VenueTableViewController.h */ = {isa = PBXFileReference; fileEncoding = 4; lastKnownFileType = sourcecode.c.h; path = VenueTableViewController.h; sourceTree = "<group>"; };
		6AE9BA571ADD5A8B00347F39 /* VenueTableViewController.m */ = {isa = PBXFileReference; fileEncoding = 4; lastKnownFileType = sourcecode.c.objc; path = VenueTableViewController.m; sourceTree = "<group>"; };
		DEBC8A174B86CE0F95598394 /* Pods-UrbnCodeSample.release.xcconfig */ = {isa = PBXFileReference; includeInIndex = 1; lastKnownFileType = text.xcconfig; name = "Pods-UrbnCodeSample.release.xcconfig"; path = "Pods/Target Support Files/Pods-UrbnCodeSample/Pods-UrbnCodeSample.release.xcconfig"; sourceTree = "<group>"; };
		EDF67DF2551F38099AE7ED91 /* libPods-UrbnCodeSample.a */ = {isa = PBXFileReference; explicitFileType = archive.ar; includeInIndex = 0; path = "libPods-UrbnCodeSample.a"; sourceTree = BUILT_PRODUCTS_DIR; };
/* End PBXFileReference section */

/* Begin PBXFrameworksBuildPhase section */
		6A759FF51ADC226D0065E91A /* Frameworks */ = {
			isa = PBXFrameworksBuildPhase;
			buildActionMask = 2147483647;
			files = (
				6A3A413C1ADC555600388198 /* CoreLocation.framework in Frameworks */,
				50D35EED1B7F95333962E209 /* libPods-UrbnCodeSample.a in Frameworks */,
			);
			runOnlyForDeploymentPostprocessing = 0;
		};
		6A75A0111ADC226D0065E91A /* Frameworks */ = {
			isa = PBXFrameworksBuildPhase;
			buildActionMask = 2147483647;
			files = (
			);
			runOnlyForDeploymentPostprocessing = 0;
		};
/* End PBXFrameworksBuildPhase section */

/* Begin PBXGroup section */
		453487EC5AF96D9108248C25 /* Pods */ = {
			isa = PBXGroup;
			children = (
				0D3A53EB8BEF37D74378C735 /* Pods-UrbnCodeSample.debug.xcconfig */,
				DEBC8A174B86CE0F95598394 /* Pods-UrbnCodeSample.release.xcconfig */,
			);
			name = Pods;
			sourceTree = "<group>";
		};
		6A5277E11AE0367D00382B44 /* Objects */ = {
			isa = PBXGroup;
			children = (
				6AA1862C1AE074D400EBB7ED /* UCSVenue.h */,
				6AA1862D1AE074D400EBB7ED /* UCSVenue.m */,
				6AA186291AE074D400EBB7ED /* UCSPhotos.h */,
				6AA1862A1AE074D400EBB7ED /* UCSPhotos.m */,
				6AA186261AE074D300EBB7ED /* UCSPhoto.h */,
				6AA186271AE074D300EBB7ED /* UCSPhoto.m */,
				6A5277D91ADF4D5400382B44 /* UCSCategory.h */,
				6A5277DA1ADF4D5400382B44 /* UCSCategory.m */,
				6A5277D61ADF4D5400382B44 /* UCSStats.h */,
				6A5277D71ADF4D5400382B44 /* UCSStats.m */,
				6A5277D31ADF4D5400382B44 /* UCSIcon.h */,
				6A5277D41ADF4D5400382B44 /* UCSIcon.m */,
				6A5277D01ADF4D5400382B44 /* UCSLocation.h */,
				6A5277D11ADF4D5400382B44 /* UCSLocation.m */,
				6A5277CD1ADF4D5300382B44 /* UCSContact.h */,
				6A5277CE1ADF4D5300382B44 /* UCSContact.m */,
			);
			name = Objects;
			sourceTree = "<group>";
		};
		6A759FEF1ADC226D0065E91A = {
			isa = PBXGroup;
			children = (
				6A759FFA1ADC226D0065E91A /* UrbnCodeSample */,
				6A75A0171ADC226D0065E91A /* UrbnCodeSampleTests */,
				6A759FF91ADC226D0065E91A /* Products */,
				453487EC5AF96D9108248C25 /* Pods */,
				EFC4C524F4A8C23F6741E5BF /* Frameworks */,
			);
			sourceTree = "<group>";
		};
		6A759FF91ADC226D0065E91A /* Products */ = {
			isa = PBXGroup;
			children = (
				6A759FF81ADC226D0065E91A /* UrbnCodeSample.app */,
				6A75A0141ADC226D0065E91A /* UrbnCodeSampleTests.xctest */,
			);
			name = Products;
			sourceTree = "<group>";
		};
		6A759FFA1ADC226D0065E91A /* UrbnCodeSample */ = {
			isa = PBXGroup;
			children = (
				6AE9BA4A1ADC68DA00347F39 /* Networking */,
				6AE9BA4F1ADC695F00347F39 /* Views */,
				6AE9BA4E1ADC694700347F39 /* Models */,
				6A759FFF1ADC226D0065E91A /* AppDelegate.h */,
				6A75A0001ADC226D0065E91A /* AppDelegate.m */,
				6A75A00B1ADC226D0065E91A /* Images.xcassets */,
				6A75A0021ADC226D0065E91A /* UrbnCodeSample.xcdatamodeld */,
				6A759FFB1ADC226D0065E91A /* Supporting Files */,
			);
			path = UrbnCodeSample;
			sourceTree = "<group>";
		};
		6A759FFB1ADC226D0065E91A /* Supporting Files */ = {
			isa = PBXGroup;
			children = (
				6AA186221AE06D8700EBB7ED /* placeholder.png */,
				6AA186231AE06D8700EBB7ED /* placeholder@2x.png */,
				6A759FFC1ADC226D0065E91A /* Info.plist */,
				6A759FFD1ADC226D0065E91A /* main.m */,
			);
			name = "Supporting Files";
			sourceTree = "<group>";
		};
		6A75A0171ADC226D0065E91A /* UrbnCodeSampleTests */ = {
			isa = PBXGroup;
			children = (
				6A75A01A1ADC226D0065E91A /* UrbnCodeSampleTests.m */,
				6A75A0181ADC226D0065E91A /* Supporting Files */,
			);
			path = UrbnCodeSampleTests;
			sourceTree = "<group>";
		};
		6A75A0181ADC226D0065E91A /* Supporting Files */ = {
			isa = PBXGroup;
			children = (
				6A75A0191ADC226D0065E91A /* Info.plist */,
			);
			name = "Supporting Files";
			sourceTree = "<group>";
		};
		6AE9BA4A1ADC68DA00347F39 /* Networking */ = {
			isa = PBXGroup;
			children = (
				6AE9BA4B1ADC693F00347F39 /* AFAppFourSquareClient.h */,
				6AE9BA4C1ADC693F00347F39 /* AFAppFourSquareClient.m */,
			);
			name = Networking;
			sourceTree = "<group>";
		};
		6AE9BA4E1ADC694700347F39 /* Models */ = {
			isa = PBXGroup;
			children = (
				6A5277E11AE0367D00382B44 /* Objects */,
				6A3A412C1ADC2C5500388198 /* FourSquare.h */,
				6A3A412D1ADC2C5500388198 /* FourSquare.m */,
				6A3A41381ADC509700388198 /* CoreDataStack.h */,
				6A3A41391ADC509700388198 /* CoreDataStack.m */,
			);
			name = Models;
			sourceTree = "<group>";
		};
		6AE9BA4F1ADC695F00347F39 /* Views */ = {
			isa = PBXGroup;
			children = (
				6A75A0081ADC226D0065E91A /* Main.storyboard */,
				6A75A0051ADC226D0065E91A /* ViewController.h */,
				6A75A0061ADC226D0065E91A /* ViewController.m */,
				6A75A00D1ADC226D0065E91A /* LaunchScreen.xib */,
				6AE9BA561ADD5A8B00347F39 /* VenueTableViewController.h */,
				6AE9BA571ADD5A8B00347F39 /* VenueTableViewController.m */,
			);
			name = Views;
			sourceTree = "<group>";
		};
		EFC4C524F4A8C23F6741E5BF /* Frameworks */ = {
			isa = PBXGroup;
			children = (
				6A3A413B1ADC555600388198 /* CoreLocation.framework */,
				EDF67DF2551F38099AE7ED91 /* libPods-UrbnCodeSample.a */,
			);
			name = Frameworks;
			sourceTree = "<group>";
		};
/* End PBXGroup section */

/* Begin PBXNativeTarget section */
		6A759FF71ADC226D0065E91A /* UrbnCodeSample */ = {
			isa = PBXNativeTarget;
			buildConfigurationList = 6A75A01E1ADC226D0065E91A /* Build configuration list for PBXNativeTarget "UrbnCodeSample" */;
			buildPhases = (
				50AFF03FA74454312E9BD221 /* Check Pods Manifest.lock */,
				6A759FF41ADC226D0065E91A /* Sources */,
				6A759FF51ADC226D0065E91A /* Frameworks */,
				6A759FF61ADC226D0065E91A /* Resources */,
				814C43E4480C65CD221D94CE /* Copy Pods Resources */,
			);
			buildRules = (
			);
			dependencies = (
			);
			name = UrbnCodeSample;
			productName = UrbnCodeSample;
			productReference = 6A759FF81ADC226D0065E91A /* UrbnCodeSample.app */;
			productType = "com.apple.product-type.application";
		};
		6A75A0131ADC226D0065E91A /* UrbnCodeSampleTests */ = {
			isa = PBXNativeTarget;
			buildConfigurationList = 6A75A0211ADC226D0065E91A /* Build configuration list for PBXNativeTarget "UrbnCodeSampleTests" */;
			buildPhases = (
				6A75A0101ADC226D0065E91A /* Sources */,
				6A75A0111ADC226D0065E91A /* Frameworks */,
				6A75A0121ADC226D0065E91A /* Resources */,
			);
			buildRules = (
			);
			dependencies = (
				6A75A0161ADC226D0065E91A /* PBXTargetDependency */,
			);
			name = UrbnCodeSampleTests;
			productName = UrbnCodeSampleTests;
			productReference = 6A75A0141ADC226D0065E91A /* UrbnCodeSampleTests.xctest */;
			productType = "com.apple.product-type.bundle.unit-test";
		};
/* End PBXNativeTarget section */

/* Begin PBXProject section */
		6A759FF01ADC226D0065E91A /* Project object */ = {
			isa = PBXProject;
			attributes = {
				LastUpgradeCheck = 0630;
				ORGANIZATIONNAME = "John McCartney";
				TargetAttributes = {
					6A759FF71ADC226D0065E91A = {
						CreatedOnToolsVersion = 6.3;
					};
					6A75A0131ADC226D0065E91A = {
						CreatedOnToolsVersion = 6.3;
						TestTargetID = 6A759FF71ADC226D0065E91A;
					};
				};
			};
			buildConfigurationList = 6A759FF31ADC226D0065E91A /* Build configuration list for PBXProject "UrbnCodeSample" */;
			compatibilityVersion = "Xcode 3.2";
			developmentRegion = English;
			hasScannedForEncodings = 0;
			knownRegions = (
				en,
				Base,
			);
			mainGroup = 6A759FEF1ADC226D0065E91A;
			productRefGroup = 6A759FF91ADC226D0065E91A /* Products */;
			projectDirPath = "";
			projectRoot = "";
			targets = (
				6A759FF71ADC226D0065E91A /* UrbnCodeSample */,
				6A75A0131ADC226D0065E91A /* UrbnCodeSampleTests */,
			);
		};
/* End PBXProject section */

/* Begin PBXResourcesBuildPhase section */
		6A759FF61ADC226D0065E91A /* Resources */ = {
			isa = PBXResourcesBuildPhase;
			buildActionMask = 2147483647;
			files = (
				6AA186251AE06D8700EBB7ED /* placeholder@2x.png in Resources */,
				6A75A00A1ADC226D0065E91A /* Main.storyboard in Resources */,
				6AA186241AE06D8700EBB7ED /* placeholder.png in Resources */,
				6A75A00F1ADC226D0065E91A /* LaunchScreen.xib in Resources */,
				6A75A00C1ADC226D0065E91A /* Images.xcassets in Resources */,
			);
			runOnlyForDeploymentPostprocessing = 0;
		};
		6A75A0121ADC226D0065E91A /* Resources */ = {
			isa = PBXResourcesBuildPhase;
			buildActionMask = 2147483647;
			files = (
			);
			runOnlyForDeploymentPostprocessing = 0;
		};
/* End PBXResourcesBuildPhase section */

/* Begin PBXShellScriptBuildPhase section */
		50AFF03FA74454312E9BD221 /* Check Pods Manifest.lock */ = {
			isa = PBXShellScriptBuildPhase;
			buildActionMask = 2147483647;
			files = (
			);
			inputPaths = (
			);
			name = "Check Pods Manifest.lock";
			outputPaths = (
			);
			runOnlyForDeploymentPostprocessing = 0;
			shellPath = /bin/sh;
			shellScript = "diff \"${PODS_ROOT}/../Podfile.lock\" \"${PODS_ROOT}/Manifest.lock\" > /dev/null\nif [[ $? != 0 ]] ; then\n    cat << EOM\nerror: The sandbox is not in sync with the Podfile.lock. Run 'pod install' or update your CocoaPods installation.\nEOM\n    exit 1\nfi\n";
			showEnvVarsInLog = 0;
		};
		814C43E4480C65CD221D94CE /* Copy Pods Resources */ = {
			isa = PBXShellScriptBuildPhase;
			buildActionMask = 2147483647;
			files = (
			);
			inputPaths = (
			);
			name = "Copy Pods Resources";
			outputPaths = (
			);
			runOnlyForDeploymentPostprocessing = 0;
			shellPath = /bin/sh;
			shellScript = "\"${SRCROOT}/Pods/Target Support Files/Pods-UrbnCodeSample/Pods-UrbnCodeSample-resources.sh\"\n";
			showEnvVarsInLog = 0;
		};
/* End PBXShellScriptBuildPhase section */

/* Begin PBXSourcesBuildPhase section */
		6A759FF41ADC226D0065E91A /* Sources */ = {
			isa = PBXSourcesBuildPhase;
			buildActionMask = 2147483647;
			files = (
				6A75A0011ADC226D0065E91A /* AppDelegate.m in Sources */,
				6AE9BA4D1ADC693F00347F39 /* AFAppFourSquareClient.m in Sources */,
				6A759FFE1ADC226D0065E91A /* main.m in Sources */,
				6AA1862E1AE074D400EBB7ED /* UCSVenue.m in Sources */,
				6A5277CF1ADF4D5300382B44 /* UCSContact.m in Sources */,
				6A3A412E1ADC2C5500388198 /* FourSquare.m in Sources */,
				6A5277DB1ADF4D5400382B44 /* UCSCategory.m in Sources */,
				6A75A0071ADC226D0065E91A /* ViewController.m in Sources */,
				6A5277D21ADF4D5400382B44 /* UCSLocation.m in Sources */,
				6AE9BA581ADD5A8B00347F39 /* VenueTableViewController.m in Sources */,
				6AA186281AE074D300EBB7ED /* UCSPhoto.m in Sources */,
				6A5277D51ADF4D5400382B44 /* UCSIcon.m in Sources */,
				6A75A0041ADC226D0065E91A /* UrbnCodeSample.xcdatamodeld in Sources */,
				6A3A413A1ADC509700388198 /* CoreDataStack.m in Sources */,
				6AA1862B1AE074D400EBB7ED /* UCSPhotos.m in Sources */,
				6A5277D81ADF4D5400382B44 /* UCSStats.m in Sources */,
			);
			runOnlyForDeploymentPostprocessing = 0;
		};
		6A75A0101ADC226D0065E91A /* Sources */ = {
			isa = PBXSourcesBuildPhase;
			buildActionMask = 2147483647;
			files = (
				6A75A01B1ADC226D0065E91A /* UrbnCodeSampleTests.m in Sources */,
			);
			runOnlyForDeploymentPostprocessing = 0;
		};
/* End PBXSourcesBuildPhase section */

/* Begin PBXTargetDependency section */
		6A75A0161ADC226D0065E91A /* PBXTargetDependency */ = {
			isa = PBXTargetDependency;
			target = 6A759FF71ADC226D0065E91A /* UrbnCodeSample */;
			targetProxy = 6A75A0151ADC226D0065E91A /* PBXContainerItemProxy */;
		};
/* End PBXTargetDependency section */

/* Begin PBXVariantGroup section */
		6A75A0081ADC226D0065E91A /* Main.storyboard */ = {
			isa = PBXVariantGroup;
			children = (
				6A75A0091ADC226D0065E91A /* Base */,
			);
			name = Main.storyboard;
			sourceTree = "<group>";
		};
		6A75A00D1ADC226D0065E91A /* LaunchScreen.xib */ = {
			isa = PBXVariantGroup;
			children = (
				6A75A00E1ADC226D0065E91A /* Base */,
			);
			name = LaunchScreen.xib;
			sourceTree = "<group>";
		};
/* End PBXVariantGroup section */

/* Begin XCBuildConfiguration section */
		6A75A01C1ADC226D0065E91A /* Debug */ = {
			isa = XCBuildConfiguration;
			buildSettings = {
				ALWAYS_SEARCH_USER_PATHS = NO;
				CLANG_CXX_LANGUAGE_STANDARD = "gnu++0x";
				CLANG_CXX_LIBRARY = "libc++";
				CLANG_ENABLE_MODULES = YES;
				CLANG_ENABLE_OBJC_ARC = YES;
				CLANG_WARN_BOOL_CONVERSION = YES;
				CLANG_WARN_CONSTANT_CONVERSION = YES;
				CLANG_WARN_DIRECT_OBJC_ISA_USAGE = YES_ERROR;
				CLANG_WARN_EMPTY_BODY = YES;
				CLANG_WARN_ENUM_CONVERSION = YES;
				CLANG_WARN_INT_CONVERSION = YES;
				CLANG_WARN_OBJC_ROOT_CLASS = YES_ERROR;
				CLANG_WARN_UNREACHABLE_CODE = YES;
				CLANG_WARN__DUPLICATE_METHOD_MATCH = YES;
				"CODE_SIGN_IDENTITY[sdk=iphoneos*]" = "iPhone Developer";
				COPY_PHASE_STRIP = NO;
				DEBUG_INFORMATION_FORMAT = "dwarf-with-dsym";
				ENABLE_STRICT_OBJC_MSGSEND = YES;
				GCC_C_LANGUAGE_STANDARD = gnu99;
				GCC_DYNAMIC_NO_PIC = NO;
				GCC_NO_COMMON_BLOCKS = YES;
				GCC_OPTIMIZATION_LEVEL = 0;
				GCC_PREPROCESSOR_DEFINITIONS = (
					"DEBUG=1",
					"$(inherited)",
				);
				GCC_SYMBOLS_PRIVATE_EXTERN = NO;
				GCC_WARN_64_TO_32_BIT_CONVERSION = YES;
				GCC_WARN_ABOUT_RETURN_TYPE = YES_ERROR;
				GCC_WARN_UNDECLARED_SELECTOR = YES;
				GCC_WARN_UNINITIALIZED_AUTOS = YES_AGGRESSIVE;
				GCC_WARN_UNUSED_FUNCTION = YES;
				GCC_WARN_UNUSED_VARIABLE = YES;
				IPHONEOS_DEPLOYMENT_TARGET = 8.3;
				MTL_ENABLE_DEBUG_INFO = YES;
				ONLY_ACTIVE_ARCH = YES;
				SDKROOT = iphoneos;
			};
			name = Debug;
		};
		6A75A01D1ADC226D0065E91A /* Release */ = {
			isa = XCBuildConfiguration;
			buildSettings = {
				ALWAYS_SEARCH_USER_PATHS = NO;
				CLANG_CXX_LANGUAGE_STANDARD = "gnu++0x";
				CLANG_CXX_LIBRARY = "libc++";
				CLANG_ENABLE_MODULES = YES;
				CLANG_ENABLE_OBJC_ARC = YES;
				CLANG_WARN_BOOL_CONVERSION = YES;
				CLANG_WARN_CONSTANT_CONVERSION = YES;
				CLANG_WARN_DIRECT_OBJC_ISA_USAGE = YES_ERROR;
				CLANG_WARN_EMPTY_BODY = YES;
				CLANG_WARN_ENUM_CONVERSION = YES;
				CLANG_WARN_INT_CONVERSION = YES;
				CLANG_WARN_OBJC_ROOT_CLASS = YES_ERROR;
				CLANG_WARN_UNREACHABLE_CODE = YES;
				CLANG_WARN__DUPLICATE_METHOD_MATCH = YES;
				"CODE_SIGN_IDENTITY[sdk=iphoneos*]" = "iPhone Developer";
				COPY_PHASE_STRIP = NO;
				DEBUG_INFORMATION_FORMAT = "dwarf-with-dsym";
				ENABLE_NS_ASSERTIONS = NO;
				ENABLE_STRICT_OBJC_MSGSEND = YES;
				GCC_C_LANGUAGE_STANDARD = gnu99;
				GCC_NO_COMMON_BLOCKS = YES;
				GCC_WARN_64_TO_32_BIT_CONVERSION = YES;
				GCC_WARN_ABOUT_RETURN_TYPE = YES_ERROR;
				GCC_WARN_UNDECLARED_SELECTOR = YES;
				GCC_WARN_UNINITIALIZED_AUTOS = YES_AGGRESSIVE;
				GCC_WARN_UNUSED_FUNCTION = YES;
				GCC_WARN_UNUSED_VARIABLE = YES;
				IPHONEOS_DEPLOYMENT_TARGET = 8.3;
				MTL_ENABLE_DEBUG_INFO = NO;
				SDKROOT = iphoneos;
				VALIDATE_PRODUCT = YES;
			};
			name = Release;
		};
		6A75A01F1ADC226D0065E91A /* Debug */ = {
			isa = XCBuildConfiguration;
			baseConfigurationReference = 0D3A53EB8BEF37D74378C735 /* Pods-UrbnCodeSample.debug.xcconfig */;
			buildSettings = {
				ASSETCATALOG_COMPILER_APPICON_NAME = AppIcon;
				INFOPLIST_FILE = UrbnCodeSample/Info.plist;
				LD_RUNPATH_SEARCH_PATHS = "$(inherited) @executable_path/Frameworks";
				PRODUCT_NAME = "$(TARGET_NAME)";
			};
			name = Debug;
		};
		6A75A0201ADC226D0065E91A /* Release */ = {
			isa = XCBuildConfiguration;
			baseConfigurationReference = DEBC8A174B86CE0F95598394 /* Pods-UrbnCodeSample.release.xcconfig */;
			buildSettings = {
				ASSETCATALOG_COMPILER_APPICON_NAME = AppIcon;
				INFOPLIST_FILE = UrbnCodeSample/Info.plist;
				LD_RUNPATH_SEARCH_PATHS = "$(inherited) @executable_path/Frameworks";
				PRODUCT_NAME = "$(TARGET_NAME)";
			};
			name = Release;
		};
		6A75A0221ADC226D0065E91A /* Debug */ = {
			isa = XCBuildConfiguration;
			buildSettings = {
				BUNDLE_LOADER = "$(TEST_HOST)";
				FRAMEWORK_SEARCH_PATHS = (
					"$(SDKROOT)/Developer/Library/Frameworks",
					"$(inherited)",
				);
				GCC_PREPROCESSOR_DEFINITIONS = (
					"DEBUG=1",
					"$(inherited)",
				);
				INFOPLIST_FILE = UrbnCodeSampleTests/Info.plist;
				LD_RUNPATH_SEARCH_PATHS = "$(inherited) @executable_path/Frameworks @loader_path/Frameworks";
				PRODUCT_NAME = "$(TARGET_NAME)";
				TEST_HOST = "$(BUILT_PRODUCTS_DIR)/UrbnCodeSample.app/UrbnCodeSample";
			};
			name = Debug;
		};
		6A75A0231ADC226D0065E91A /* Release */ = {
			isa = XCBuildConfiguration;
			buildSettings = {
				BUNDLE_LOADER = "$(TEST_HOST)";
				FRAMEWORK_SEARCH_PATHS = (
					"$(SDKROOT)/Developer/Library/Frameworks",
					"$(inherited)",
				);
				INFOPLIST_FILE = UrbnCodeSampleTests/Info.plist;
				LD_RUNPATH_SEARCH_PATHS = "$(inherited) @executable_path/Frameworks @loader_path/Frameworks";
				PRODUCT_NAME = "$(TARGET_NAME)";
				TEST_HOST = "$(BUILT_PRODUCTS_DIR)/UrbnCodeSample.app/UrbnCodeSample";
			};
			name = Release;
		};
/* End XCBuildConfiguration section */

/* Begin XCConfigurationList section */
		6A759FF31ADC226D0065E91A /* Build configuration list for PBXProject "UrbnCodeSample" */ = {
			isa = XCConfigurationList;
			buildConfigurations = (
				6A75A01C1ADC226D0065E91A /* Debug */,
				6A75A01D1ADC226D0065E91A /* Release */,
			);
			defaultConfigurationIsVisible = 0;
			defaultConfigurationName = Release;
		};
		6A75A01E1ADC226D0065E91A /* Build configuration list for PBXNativeTarget "UrbnCodeSample" */ = {
			isa = XCConfigurationList;
			buildConfigurations = (
				6A75A01F1ADC226D0065E91A /* Debug */,
				6A75A0201ADC226D0065E91A /* Release */,
			);
			defaultConfigurationIsVisible = 0;
			defaultConfigurationName = Release;
		};
		6A75A0211ADC226D0065E91A /* Build configuration list for PBXNativeTarget "UrbnCodeSampleTests" */ = {
			isa = XCConfigurationList;
			buildConfigurations = (
				6A75A0221ADC226D0065E91A /* Debug */,
				6A75A0231ADC226D0065E91A /* Release */,
			);
			defaultConfigurationIsVisible = 0;
			defaultConfigurationName = Release;
		};
/* End XCConfigurationList section */

/* Begin XCVersionGroup section */
		6A75A0021ADC226D0065E91A /* UrbnCodeSample.xcdatamodeld */ = {
			isa = XCVersionGroup;
			children = (
				6A75A0031ADC226D0065E91A /* UrbnCodeSample.xcdatamodel */,
			);
			currentVersion = 6A75A0031ADC226D0065E91A /* UrbnCodeSample.xcdatamodel */;
			path = UrbnCodeSample.xcdatamodeld;
			sourceTree = "<group>";
			versionGroupType = wrapper.xcdatamodel;
		};
/* End XCVersionGroup section */
	};
	rootObject = 6A759FF01ADC226D0065E91A /* Project object */;
}
